
Microsoft Visual Studio Solution File, Format Version 12.00
# Visual Studio Version 16
VisualStudioVersion = 16.0.29911.84
MinimumVisualStudioVersion = 10.0.40219.1
Project("{8BC9CEB8-8B4A-11D0-8D11-00A0C91BC942}") = "SimpsonMonteCarlo", "SimpsonMonteCarlo.vcxproj", "{F426FA1B-43EC-4F15-BA4B-D6E7DF3A6ABA}"
EndProject
Global
	GlobalSection(SolutionConfigurationPlatforms) = preSolution
		Debug|x64 = Debug|x64
		Debug|x86 = Debug|x86
		Release|x64 = Release|x64
		Release|x86 = Release|x86
	EndGlobalSection
	GlobalSection(ProjectConfigurationPlatforms) = postSolution
		{F426FA1B-43EC-4F15-BA4B-D6E7DF3A6ABA}.Debug|x64.ActiveCfg = Debug|x64
		{F426FA1B-43EC-4F15-BA4B-D6E7DF3A6ABA}.Debug|x64.Build.0 = Debug|x64
		{F426FA1B-43EC-4F15-BA4B-D6E7DF3A6ABA}.Debug|x86.ActiveCfg = Debug|Win32
		{F426FA1B-43EC-4F15-BA4B-D6E7DF3A6ABA}.Debug|x86.Build.0 = Debug|Win32
		{F426FA1B-43EC-4F15-BA4B-D6E7DF3A6ABA}.Release|x64.ActiveCfg = Release|x64
		{F426FA1B-43EC-4F15-BA4B-D6E7DF3A6ABA}.Release|x64.Build.0 = Release|x64
		{F426FA1B-43EC-4F15-BA4B-D6E7DF3A6ABA}.Release|x86.ActiveCfg = Release|Win32
		{F426FA1B-43EC-4F15-BA4B-D6E7DF3A6ABA}.Release|x86.Build.0 = Release|Win32
	EndGlobalSection
	GlobalSection(SolutionProperties) = preSolution
		HideSolutionNode = FALSE
	EndGlobalSection
	GlobalSection(ExtensibilityGlobals) = postSolution
		SolutionGuid = {B092E55E-4E19-4592-B8DD-0700EAEF52AD}
	EndGlobalSection
EndGlobal
